
Microsoft Visual Studio Solution File, Format Version 10.00
# Visual Studio 2008
Project("{FAE04EC0-301F-11D3-BF4B-00C04F79EFBC}") = "Color Selector", "Color Selector\Color Selector.csproj", "{24B38598-6138-4518-8A6B-825C289EFCC6}"
EndProject
Global
	GlobalSection(SolutionConfigurationPlatforms) = preSolution
		Debug|Any CPU = Debug|Any CPU
		Release|Any CPU = Release|Any CPU
	EndGlobalSection
	GlobalSection(ProjectConfigurationPlatforms) = postSolution
		{24B38598-6138-4518-8A6B-825C289EFCC6}.Debug|Any CPU.ActiveCfg = Debug|Any CPU
		{24B38598-6138-4518-8A6B-825C289EFCC6}.Debug|Any CPU.Build.0 = Debug|Any CPU
		{24B38598-6138-4518-8A6B-825C289EFCC6}.Release|Any CPU.ActiveCfg = Release|Any CPU
		{24B38598-6138-4518-8A6B-825C289EFCC6}.Release|Any CPU.Build.0 = Release|Any CPU
	EndGlobalSection
	GlobalSection(SolutionProperties) = preSolution
		HideSolutionNode = FALSE
	EndGlobalSection
EndGlobal
