
Microsoft Visual Studio Solution File, Format Version 12.00
# Visual Studio 14
VisualStudioVersion = 14.0.23107.0
MinimumVisualStudioVersion = 10.0.40219.1
Project("{FAE04EC0-301F-11D3-BF4B-00C04F79EFBC}") = "Color Selector", "Color Selector\Color Selector.csproj", "{24B38598-6138-4518-8A6B-825C289EFCC6}"
EndProject
Project("{FAE04EC0-301F-11D3-BF4B-00C04F79EFBC}") = "Color Selector WPF", "WpfApplication1\Color Selector WPF.csproj", "{3A8FDCA1-416C-45FB-B7DC-9F7B98045918}"
EndProject
Global
	GlobalSection(SolutionConfigurationPlatforms) = preSolution
		Debug|Any CPU = Debug|Any CPU
		Release|Any CPU = Release|Any CPU
	EndGlobalSection
	GlobalSection(ProjectConfigurationPlatforms) = postSolution
		{24B38598-6138-4518-8A6B-825C289EFCC6}.Debug|Any CPU.ActiveCfg = Debug|Any CPU
		{24B38598-6138-4518-8A6B-825C289EFCC6}.Debug|Any CPU.Build.0 = Debug|Any CPU
		{24B38598-6138-4518-8A6B-825C289EFCC6}.Release|Any CPU.ActiveCfg = Release|Any CPU
		{24B38598-6138-4518-8A6B-825C289EFCC6}.Release|Any CPU.Build.0 = Release|Any CPU
		{3A8FDCA1-416C-45FB-B7DC-9F7B98045918}.Debug|Any CPU.ActiveCfg = Debug|Any CPU
		{3A8FDCA1-416C-45FB-B7DC-9F7B98045918}.Debug|Any CPU.Build.0 = Debug|Any CPU
		{3A8FDCA1-416C-45FB-B7DC-9F7B98045918}.Release|Any CPU.ActiveCfg = Release|Any CPU
		{3A8FDCA1-416C-45FB-B7DC-9F7B98045918}.Release|Any CPU.Build.0 = Release|Any CPU
	EndGlobalSection
	GlobalSection(SolutionProperties) = preSolution
		HideSolutionNode = FALSE
	EndGlobalSection
EndGlobal
